{
  "version": 4,
  "terraform_version": "1.13.5",
  "serial": 6,
  "lineage": "92a094e2-14df-4195-d8b5-c5cf2cd722f3",
  "outputs": {
    "nagios_credentials": {
      "value": "Username: admin, Password: admin123",
      "type": "string"
    },
    "nagios_url": {
      "value": "http://localhost:8000/nagios",
      "type": "string"
    }
  },
  "resources": [
    {
      "mode": "managed",
      "type": "docker_container",
      "name": "nagios",
      "provider": "provider[\"registry.terraform.io/kreuzwerker/docker\"]",
      "instances": [
        {
          "schema_version": 2,
          "attributes": {
            "attach": false,
            "bridge": "",
            "capabilities": [],
            "cgroup_parent": null,
            "cgroupns_mode": null,
            "command": [
              "/usr/local/bin/start_nagios"
            ],
            "container_logs": null,
            "container_read_refresh_timeout_milliseconds": 15000,
            "cpu_period": null,
            "cpu_quota": null,
            "cpu_set": "",
            "cpu_shares": 0,
            "cpus": null,
            "destroy_grace_seconds": null,
            "devices": [],
            "dns": null,
            "dns_opts": null,
            "dns_search": null,
            "domainname": "",
            "entrypoint": [],
            "env": [
              "NAGIOSADMIN_PASS=admin123",
              "NAGIOSADMIN_USER=admin"
            ],
            "exit_code": null,
            "gpus": null,
            "group_add": null,
            "healthcheck": null,
            "host": [],
            "hostname": "5f4b65b04aae",
            "id": "5f4b65b04aae225926cf1c52041f05a232dbc477e0b4f33901d8a70c4a5d62a6",
            "image": "sha256:2ab73fb5d162ad0be4ef495fb62e17772120b32721a6c3eb9091fcc800d2909b",
            "init": false,
            "ipc_mode": "private",
            "labels": [],
            "log_driver": "json-file",
            "log_opts": null,
            "logs": false,
            "max_retry_count": 0,
            "memory": 0,
            "memory_swap": 0,
            "mounts": [],
            "must_run": true,
            "name": "nagios-server",
            "network_data": [
              {
                "gateway": "",
                "global_ipv6_address": "",
                "global_ipv6_prefix_length": 0,
                "ip_address": "",
                "ip_prefix_length": 0,
                "ipv6_gateway": "",
                "mac_address": "",
                "network_name": "bridge"
              }
            ],
            "network_mode": "bridge",
            "networks_advanced": [],
            "pid_mode": "",
            "ports": [],
            "privileged": false,
            "publish_all_ports": false,
            "read_only": false,
            "remove_volumes": true,
            "restart": "unless-stopped",
            "rm": false,
            "runtime": "runc",
            "security_opts": [],
            "shm_size": 64,
            "start": true,
            "stdin_open": false,
            "stop_signal": "",
            "stop_timeout": 0,
            "storage_opts": null,
            "sysctls": null,
            "tmpfs": null,
            "tty": false,
            "ulimit": [],
            "upload": [],
            "user": "",
            "userns_mode": "",
            "volumes": [
              {
                "container_path": "/opt/Custom-Nagios-Plugins",
                "from_container": "",
                "host_path": "/home/jabed/devops/nagios-config/objects",
                "read_only": true,
                "volume_name": ""
              },
              {
                "container_path": "/opt/nagios/etc",
                "from_container": "",
                "host_path": "",
                "read_only": null,
                "volume_name": "nagios_etc"
              },
              {
                "container_path": "/opt/nagios/var",
                "from_container": "",
                "host_path": "",
                "read_only": null,
                "volume_name": "nagios_var"
              }
            ],
            "wait": false,
            "wait_timeout": 60,
            "working_dir": ""
          },
          "sensitive_attributes": [],
          "identity_schema_version": 0,
          "private": "eyJzY2hlbWFfdmVyc2lvbiI6IjIifQ==",
          "dependencies": [
            "docker_image.nagios",
            "docker_volume.nagios_etc",
            "docker_volume.nagios_var",
            "null_resource.nagios_config"
          ]
        }
      ]
    },
    {
      "mode": "managed",
      "type": "docker_image",
      "name": "nagios",
      "provider": "provider[\"registry.terraform.io/kreuzwerker/docker\"]",
      "instances": [
        {
          "schema_version": 0,
          "attributes": {
            "build": [],
            "force_remove": null,
            "id": "sha256:2ab73fb5d162ad0be4ef495fb62e17772120b32721a6c3eb9091fcc800d2909bjasonrivers/nagios:latest",
            "image_id": "sha256:2ab73fb5d162ad0be4ef495fb62e17772120b32721a6c3eb9091fcc800d2909b",
            "keep_locally": false,
            "name": "jasonrivers/nagios:latest",
            "platform": null,
            "pull_triggers": null,
            "repo_digest": "jasonrivers/nagios@sha256:2a7c2b20d118baf92b47b69a3901e68dd7664617801b94e560bc4d6564d6ae54",
            "timeouts": null,
            "triggers": null
          },
          "sensitive_attributes": [],
          "identity_schema_version": 0,
          "private": "eyJlMmJmYjczMC1lY2FhLTExZTYtOGY4OC0zNDM2M2JjN2M0YzAiOnsiY3JlYXRlIjoxMjAwMDAwMDAwMDAwLCJkZWxldGUiOjEyMDAwMDAwMDAwMDAsInVwZGF0ZSI6MTIwMDAwMDAwMDAwMH19"
        }
      ]
    },
    {
      "mode": "managed",
      "type": "docker_volume",
      "name": "nagios_etc",
      "provider": "provider[\"registry.terraform.io/kreuzwerker/docker\"]",
      "instances": [
        {
          "schema_version": 1,
          "attributes": {
            "driver": "local",
            "driver_opts": null,
            "id": "nagios_etc",
            "labels": [],
            "mountpoint": "/var/lib/docker/volumes/nagios_etc/_data",
            "name": "nagios_etc"
          },
          "sensitive_attributes": [],
          "identity_schema_version": 0,
          "private": "eyJzY2hlbWFfdmVyc2lvbiI6IjEifQ=="
        }
      ]
    },
    {
      "mode": "managed",
      "type": "docker_volume",
      "name": "nagios_var",
      "provider": "provider[\"registry.terraform.io/kreuzwerker/docker\"]",
      "instances": [
        {
          "schema_version": 1,
          "attributes": {
            "driver": "local",
            "driver_opts": null,
            "id": "nagios_var",
            "labels": [],
            "mountpoint": "/var/lib/docker/volumes/nagios_var/_data",
            "name": "nagios_var"
          },
          "sensitive_attributes": [],
          "identity_schema_version": 0,
          "private": "eyJzY2hlbWFfdmVyc2lvbiI6IjEifQ=="
        }
      ]
    },
    {
      "mode": "managed",
      "type": "null_resource",
      "name": "nagios_config",
      "provider": "provider[\"registry.terraform.io/hashicorp/null\"]",
      "instances": [
        {
          "schema_version": 0,
          "attributes": {
            "id": "3615227904896980004",
            "triggers": null
          },
          "sensitive_attributes": [],
          "identity_schema_version": 0
        }
      ]
    }
  ],
  "check_results": null
}
