{
  "version": 4,
  "terraform_version": "1.13.5",
  "serial": 46,
  "lineage": "92a094e2-14df-4195-d8b5-c5cf2cd722f3",
  "outputs": {
    "monitoring_status": {
      "value": "Node.js API at port 3000 is now being monitored by Nagios",
      "type": "string"
    },
    "nagios_credentials": {
      "value": "Username: nagiosadmin\nPassword: nagios\n    \nCustom config automatically loaded from: nagios-config/objects/nodejs-api.cfg\n    \nTo view logs: docker logs nagios-server\nTo verify config: docker exec nagios-server /opt/nagios/bin/nagios -v /opt/nagios/etc/nagios.cfg\n",
      "type": "string"
    },
    "nagios_url": {
      "value": "http://localhost:8000",
      "type": "string"
    }
  },
  "resources": [
    {
      "mode": "managed",
      "type": "docker_container",
      "name": "nagios",
      "provider": "provider[\"registry.terraform.io/kreuzwerker/docker\"]",
      "instances": [
        {
          "schema_version": 2,
          "attributes": {
            "attach": false,
            "bridge": "",
            "capabilities": [],
            "cgroup_parent": null,
            "cgroupns_mode": null,
            "command": [],
            "container_logs": null,
            "container_read_refresh_timeout_milliseconds": 15000,
            "cpu_period": null,
            "cpu_quota": null,
            "cpu_set": "",
            "cpu_shares": 0,
            "cpus": null,
            "destroy_grace_seconds": null,
            "devices": [],
            "dns": null,
            "dns_opts": null,
            "dns_search": null,
            "domainname": "",
            "entrypoint": [
              "/bin/sh",
              "/opt/custom-entrypoint.sh"
            ],
            "env": [],
            "exit_code": null,
            "gpus": null,
            "group_add": null,
            "healthcheck": null,
            "host": [],
            "hostname": "dd6db85c7d0e",
            "id": "dd6db85c7d0eab53f4036755bdaa0e210f49899b07b8d8d41445a2aeccda761b",
            "image": "sha256:0f25ac67e9154183cf7e65197bb288975b71ad7a1c27f9e6a4be3a98399fad37",
            "init": false,
            "ipc_mode": "private",
            "labels": [],
            "log_driver": "json-file",
            "log_opts": null,
            "logs": false,
            "max_retry_count": 0,
            "memory": 0,
            "memory_swap": 0,
            "mounts": [],
            "must_run": true,
            "name": "nagios-server",
            "network_data": [
              {
                "gateway": "172.17.0.1",
                "global_ipv6_address": "",
                "global_ipv6_prefix_length": 0,
                "ip_address": "172.17.0.2",
                "ip_prefix_length": 16,
                "ipv6_gateway": "",
                "mac_address": "22:e7:2e:21:bc:98",
                "network_name": "bridge"
              }
            ],
            "network_mode": "bridge",
            "networks_advanced": [],
            "pid_mode": "",
            "ports": [
              {
                "external": 8000,
                "internal": 80,
                "ip": "0.0.0.0",
                "protocol": "tcp"
              }
            ],
            "privileged": false,
            "publish_all_ports": false,
            "read_only": false,
            "remove_volumes": true,
            "restart": "unless-stopped",
            "rm": false,
            "runtime": "runc",
            "security_opts": [],
            "shm_size": 64,
            "start": true,
            "stdin_open": false,
            "stop_signal": "",
            "stop_timeout": 0,
            "storage_opts": null,
            "sysctls": null,
            "tmpfs": null,
            "tty": false,
            "ulimit": [],
            "upload": [],
            "user": "",
            "userns_mode": "",
            "volumes": [
              {
                "container_path": "/opt/custom-entrypoint.sh",
                "from_container": "",
                "host_path": "/home/jabed/devops/nagios-entrypoint.sh",
                "read_only": true,
                "volume_name": ""
              },
              {
                "container_path": "/opt/nagios/etc/objects/nodejs-api.cfg",
                "from_container": "",
                "host_path": "/home/jabed/devops/nagios-config/objects/nodejs-api.cfg",
                "read_only": true,
                "volume_name": ""
              }
            ],
            "wait": false,
            "wait_timeout": 60,
            "working_dir": "/opt/nagios"
          },
          "sensitive_attributes": [],
          "identity_schema_version": 0,
          "private": "eyJzY2hlbWFfdmVyc2lvbiI6IjIifQ==",
          "dependencies": [
            "docker_image.nagios",
            "local_file.nagios_entrypoint"
          ]
        }
      ]
    },
    {
      "mode": "managed",
      "type": "docker_image",
      "name": "nagios",
      "provider": "provider[\"registry.terraform.io/kreuzwerker/docker\"]",
      "instances": [
        {
          "schema_version": 0,
          "attributes": {
            "build": [],
            "force_remove": null,
            "id": "sha256:0f25ac67e9154183cf7e65197bb288975b71ad7a1c27f9e6a4be3a98399fad37manios/nagios:latest",
            "image_id": "sha256:0f25ac67e9154183cf7e65197bb288975b71ad7a1c27f9e6a4be3a98399fad37",
            "keep_locally": false,
            "name": "manios/nagios:latest",
            "platform": null,
            "pull_triggers": null,
            "repo_digest": "manios/nagios@sha256:5b176c88987403e80613f492fabcb8c2d9832e74ee8fa54d821496adc44b2809",
            "timeouts": null,
            "triggers": null
          },
          "sensitive_attributes": [],
          "identity_schema_version": 0,
          "private": "eyJlMmJmYjczMC1lY2FhLTExZTYtOGY4OC0zNDM2M2JjN2M0YzAiOnsiY3JlYXRlIjoxMjAwMDAwMDAwMDAwLCJkZWxldGUiOjEyMDAwMDAwMDAwMDAsInVwZGF0ZSI6MTIwMDAwMDAwMDAwMH19"
        }
      ]
    },
    {
      "mode": "managed",
      "type": "local_file",
      "name": "nagios_entrypoint",
      "provider": "provider[\"registry.terraform.io/hashicorp/local\"]",
      "instances": [
        {
          "schema_version": 0,
          "attributes": {
            "content": "#!/bin/bash\nset -e\n    \n# Add custom config to nagios.cfg if not already present\nif ! grep -q \"cfg_file=/opt/nagios/etc/objects/nodejs-api.cfg\" /opt/nagios/etc/nagios.cfg; then\n  echo \"cfg_file=/opt/nagios/etc/objects/nodejs-api.cfg\" \u003e\u003e /opt/nagios/etc/nagios.cfg\n  echo \"Custom Node.js API config added to Nagios\"\nfi\n    \n# Verify config before starting\n/opt/nagios/bin/nagios -v /opt/nagios/etc/nagios.cfg\n    \n# Start Nagios using original entrypoint\nexec /usr/local/bin/start_nagios\n",
            "content_base64": null,
            "content_base64sha256": "WXg8f/hGe3i7X4L10+EA1yhh4nY4bKvxHRuE6shpV/Y=",
            "content_base64sha512": "69nBTU1VUPVUncx42YZ4uM3TfUOhvhSs4OlXUny/UT01d5pbC7n54ieAk1k3ZGS23dHq/3OS6UVfRAN91+Iasg==",
            "content_md5": "306bf284bb3439a62dec61d50a70dabd",
            "content_sha1": "a8cd4d4acda05c8bccac54802c0073cee38afd0a",
            "content_sha256": "59783c7ff8467b78bb5f82f5d3e100d72861e276386cabf11d1b84eac86957f6",
            "content_sha512": "ebd9c14d4d5550f5549dcc78d98678b8cdd37d43a1be14ace0e957527cbf513d35779a5b0bb9f9e227809359376464b6ddd1eaff7392e9455f44037dd7e21ab2",
            "directory_permission": "0777",
            "file_permission": "0755",
            "filename": "./nagios-entrypoint.sh",
            "id": "a8cd4d4acda05c8bccac54802c0073cee38afd0a",
            "sensitive_content": null,
            "source": null
          },
          "sensitive_attributes": [
            [
              {
                "type": "get_attr",
                "value": "sensitive_content"
              }
            ]
          ],
          "identity_schema_version": 0
        }
      ]
    }
  ],
  "check_results": null
}
